
Microsoft Visual Studio Solution File, Format Version 12.00
# Visual Studio Version 17
VisualStudioVersion = 17.3.32901.215
MinimumVisualStudioVersion = 10.0.40219.1
Project("{FAE04EC0-301F-11D3-BF4B-00C04F79EFBC}") = "Chapter", "Chapter.csproj", "{80D2351A-23E2-45CC-A159-DF39B92B6216}"
EndProject
Global
	GlobalSection(SolutionConfigurationPlatforms) = preSolution
		Debug|Any CPU = Debug|Any CPU
		Release|Any CPU = Release|Any CPU
	EndGlobalSection
	GlobalSection(ProjectConfigurationPlatforms) = postSolution
		{80D2351A-23E2-45CC-A159-DF39B92B6216}.Debug|Any CPU.ActiveCfg = Debug|Any CPU
		{80D2351A-23E2-45CC-A159-DF39B92B6216}.Debug|Any CPU.Build.0 = Debug|Any CPU
		{80D2351A-23E2-45CC-A159-DF39B92B6216}.Release|Any CPU.ActiveCfg = Release|Any CPU
		{80D2351A-23E2-45CC-A159-DF39B92B6216}.Release|Any CPU.Build.0 = Release|Any CPU
	EndGlobalSection
	GlobalSection(SolutionProperties) = preSolution
		HideSolutionNode = FALSE
	EndGlobalSection
	GlobalSection(ExtensibilityGlobals) = postSolution
		SolutionGuid = {C2110A4E-56A3-46E9-A05A-65FA7991BC39}
	EndGlobalSection
EndGlobal
